// !$*UTF8*$!
{
	archiveVersion = 1;
	classes = {
	};
	objectVersion = 50;
	objects = {

/* Begin PBXBuildFile section */
		380805E42489D00600FAF9BE /* SIUnitLabelUniversalConstraints.swift in Sources */ = {isa = PBXBuildFile; fileRef = 380805E32489D00600FAF9BE /* SIUnitLabelUniversalConstraints.swift */; };
		38097A6524948DD0009712EF /* LabelViewConstraints.swift in Sources */ = {isa = PBXBuildFile; fileRef = 38097A6424948DD0009712EF /* LabelViewConstraints.swift */; };
		38097A6724948E0F009712EF /* LabelViewLandscapeConstraints.swift in Sources */ = {isa = PBXBuildFile; fileRef = 38097A6624948E0F009712EF /* LabelViewLandscapeConstraints.swift */; };
		38097A6924948E34009712EF /* LabelViewUniversalConstraints.swift in Sources */ = {isa = PBXBuildFile; fileRef = 38097A6824948E34009712EF /* LabelViewUniversalConstraints.swift */; };
		38097A6F2494A7B6009712EF /* RadicalViewSelected.swift in Sources */ = {isa = PBXBuildFile; fileRef = 38097A6E2494A7B6009712EF /* RadicalViewSelected.swift */; };
		38097A712494A7E6009712EF /* RadicalViewDeselected.swift in Sources */ = {isa = PBXBuildFile; fileRef = 38097A702494A7E6009712EF /* RadicalViewDeselected.swift */; };
		38097A732494AF4C009712EF /* LabelView.swift in Sources */ = {isa = PBXBuildFile; fileRef = 38097A722494AF4C009712EF /* LabelView.swift */; };
		382019FE247DC454004FDE24 /* SIUnitLabelConstraintsLandscapeConstraints.swift in Sources */ = {isa = PBXBuildFile; fileRef = 382019FD247DC454004FDE24 /* SIUnitLabelConstraintsLandscapeConstraints.swift */; };
		38201A00247DC465004FDE24 /* SIUnitLabelConstraintsPortraitConstraints.swift in Sources */ = {isa = PBXBuildFile; fileRef = 382019FF247DC465004FDE24 /* SIUnitLabelConstraintsPortraitConstraints.swift */; };
		38201A02247DC486004FDE24 /* ScientificCalculatorCollectionViewLandscapeConstraints.swift in Sources */ = {isa = PBXBuildFile; fileRef = 38201A01247DC486004FDE24 /* ScientificCalculatorCollectionViewLandscapeConstraints.swift */; };
		38201A08247DC4FC004FDE24 /* StandardCalculatorCollectionViewPortraitConstraints.swift in Sources */ = {isa = PBXBuildFile; fileRef = 38201A07247DC4FC004FDE24 /* StandardCalculatorCollectionViewPortraitConstraints.swift */; };
		38201A0A247DC591004FDE24 /* ScientificCalculatorCollectionViewUniversalConstraints.swift in Sources */ = {isa = PBXBuildFile; fileRef = 38201A09247DC591004FDE24 /* ScientificCalculatorCollectionViewUniversalConstraints.swift */; };
		38201A12247DCC75004FDE24 /* StandardCalculatorCollectionViewUniversalConstraints.swift in Sources */ = {isa = PBXBuildFile; fileRef = 38201A11247DCC75004FDE24 /* StandardCalculatorCollectionViewUniversalConstraints.swift */; };
		38201A3D247DE6BD004FDE24 /* Calculator.swift in Sources */ = {isa = PBXBuildFile; fileRef = 38201A3C247DE6BC004FDE24 /* Calculator.swift */; };
		38201A42247DEC15004FDE24 /* CalculatorCell.swift in Sources */ = {isa = PBXBuildFile; fileRef = 38201A41247DEC15004FDE24 /* CalculatorCell.swift */; };
		38271EA524A3329500D8F1DE /* Solver.swift in Sources */ = {isa = PBXBuildFile; fileRef = 38271EA424A3329500D8F1DE /* Solver.swift */; };
		38295460249381F9002897E3 /* CalculatorBrain.swift in Sources */ = {isa = PBXBuildFile; fileRef = 3829545F249381F9002897E3 /* CalculatorBrain.swift */; };
		38418430249EE02300CDDE0A /* PrecedenceOperationController.swift in Sources */ = {isa = PBXBuildFile; fileRef = 3841842F249EE02300CDDE0A /* PrecedenceOperationController.swift */; };
		3848811B24A1DC3300EDCDF6 /* PrecedenceOperation.swift in Sources */ = {isa = PBXBuildFile; fileRef = 3848811A24A1DC3300EDCDF6 /* PrecedenceOperation.swift */; };
		3848AB8A24AB1451002FD7A2 /* SF-Pro-Display-Regular.otf in Resources */ = {isa = PBXBuildFile; fileRef = 3848AB8424AB1450002FD7A2 /* SF-Pro-Display-Regular.otf */; };
		3848AB8B24AB1451002FD7A2 /* SF-Pro-Text-Thin.otf in Resources */ = {isa = PBXBuildFile; fileRef = 3848AB8524AB1450002FD7A2 /* SF-Pro-Text-Thin.otf */; };
		3848AB8C24AB1451002FD7A2 /* SF-Pro-Display-Thin.otf in Resources */ = {isa = PBXBuildFile; fileRef = 3848AB8624AB1450002FD7A2 /* SF-Pro-Display-Thin.otf */; };
		3848AB8D24AB1451002FD7A2 /* SF-Pro-Text-Regular.otf in Resources */ = {isa = PBXBuildFile; fileRef = 3848AB8724AB1450002FD7A2 /* SF-Pro-Text-Regular.otf */; };
		3848AB8E24AB1451002FD7A2 /* SF-Pro-Text-Semibold.otf in Resources */ = {isa = PBXBuildFile; fileRef = 3848AB8824AB1451002FD7A2 /* SF-Pro-Text-Semibold.otf */; };
		3848AB8F24AB1451002FD7A2 /* SF-Pro-Display-Light.otf in Resources */ = {isa = PBXBuildFile; fileRef = 3848AB8924AB1451002FD7A2 /* SF-Pro-Display-Light.otf */; };
		3870744E2499B70500C74D25 /* Term.swift in Sources */ = {isa = PBXBuildFile; fileRef = 3870744D2499B70500C74D25 /* Term.swift */; };
		387074502499B74800C74D25 /* Constant.swift in Sources */ = {isa = PBXBuildFile; fileRef = 3870744F2499B74800C74D25 /* Constant.swift */; };
		387074542499BAF200C74D25 /* FixedOperand.swift in Sources */ = {isa = PBXBuildFile; fileRef = 387074532499BAF200C74D25 /* FixedOperand.swift */; };
		387074562499BB1D00C74D25 /* FunctionWithOneInput.swift in Sources */ = {isa = PBXBuildFile; fileRef = 387074552499BB1D00C74D25 /* FunctionWithOneInput.swift */; };
		387074582499BB3E00C74D25 /* FunctionWithTwoInputs.swift in Sources */ = {isa = PBXBuildFile; fileRef = 387074572499BB3E00C74D25 /* FunctionWithTwoInputs.swift */; };
		3870745A2499BB6600C74D25 /* MemoryRecall.swift in Sources */ = {isa = PBXBuildFile; fileRef = 387074592499BB6600C74D25 /* MemoryRecall.swift */; };
		3870745C2499BB7100C74D25 /* MutableOperand.swift in Sources */ = {isa = PBXBuildFile; fileRef = 3870745B2499BB7100C74D25 /* MutableOperand.swift */; };
		3870745E2499BB8B00C74D25 /* PercentageFunction.swift in Sources */ = {isa = PBXBuildFile; fileRef = 3870745D2499BB8B00C74D25 /* PercentageFunction.swift */; };
		387074602499BBAC00C74D25 /* TrigonometricFunction.swift in Sources */ = {isa = PBXBuildFile; fileRef = 3870745F2499BBAC00C74D25 /* TrigonometricFunction.swift */; };
		3870746C2499E21D00C74D25 /* Operation.swift in Sources */ = {isa = PBXBuildFile; fileRef = 3870746B2499E21D00C74D25 /* Operation.swift */; };
		387B4B56247DEE5A003AC960 /* Colors.swift in Sources */ = {isa = PBXBuildFile; fileRef = 387B4B55247DEE5A003AC960 /* Colors.swift */; };
		387C575E249AA0670058DAB8 /* ArithmeticController.swift in Sources */ = {isa = PBXBuildFile; fileRef = 387C575D249AA0670058DAB8 /* ArithmeticController.swift */; };
		388B0F73247E2B2A00297941 /* Fonts.swift in Sources */ = {isa = PBXBuildFile; fileRef = 388B0F72247E2B2A00297941 /* Fonts.swift */; };
		38A01B782489966900FB6FB6 /* DummyLabelUniversalConstraints.swift in Sources */ = {isa = PBXBuildFile; fileRef = 38A01B772489966900FB6FB6 /* DummyLabelUniversalConstraints.swift */; };
		38B7854F24801B7600DCFF2D /* ScientificCalculator.swift in Sources */ = {isa = PBXBuildFile; fileRef = 38B7854E24801B7600DCFF2D /* ScientificCalculator.swift */; };
		38B7855124801B8A00DCFF2D /* StandardCalculator.swift in Sources */ = {isa = PBXBuildFile; fileRef = 38B7855024801B8A00DCFF2D /* StandardCalculator.swift */; };
		38DA23A6247CE6B70046239F /* AppDelegate.swift in Sources */ = {isa = PBXBuildFile; fileRef = 38DA23A5247CE6B70046239F /* AppDelegate.swift */; };
		38DA23A8247CE6B70046239F /* SceneDelegate.swift in Sources */ = {isa = PBXBuildFile; fileRef = 38DA23A7247CE6B70046239F /* SceneDelegate.swift */; };
		38DA23AD247CE6B70046239F /* Main.storyboard in Resources */ = {isa = PBXBuildFile; fileRef = 38DA23AB247CE6B70046239F /* Main.storyboard */; };
		38DA23AF247CE6BB0046239F /* Assets.xcassets in Resources */ = {isa = PBXBuildFile; fileRef = 38DA23AE247CE6BB0046239F /* Assets.xcassets */; };
		38DA23BA247CE7430046239F /* CalculatorViewController.swift in Sources */ = {isa = PBXBuildFile; fileRef = 38DA23B9247CE7430046239F /* CalculatorViewController.swift */; };
		38DA23C0247CE8870046239F /* OutputLabel.swift in Sources */ = {isa = PBXBuildFile; fileRef = 38DA23BF247CE8870046239F /* OutputLabel.swift */; };
		38DA23C2247CE8AA0046239F /* SIUnitLabel.swift in Sources */ = {isa = PBXBuildFile; fileRef = 38DA23C1247CE8AA0046239F /* SIUnitLabel.swift */; };
		38DA23C6247CE9880046239F /* DummyLabel.swift in Sources */ = {isa = PBXBuildFile; fileRef = 38DA23C5247CE9880046239F /* DummyLabel.swift */; };
		38DA23CD247CEC830046239F /* ScientificCalculatorCollectionView.swift in Sources */ = {isa = PBXBuildFile; fileRef = 38DA23CC247CEC830046239F /* ScientificCalculatorCollectionView.swift */; };
		38DA23CF247CECA00046239F /* StandardCalculatorCollectionView.swift in Sources */ = {isa = PBXBuildFile; fileRef = 38DA23CE247CECA00046239F /* StandardCalculatorCollectionView.swift */; };
		38DA23D5247CEE0F0046239F /* CalculatorCollectionViewCellLabel.swift in Sources */ = {isa = PBXBuildFile; fileRef = 38DA23D4247CEE0F0046239F /* CalculatorCollectionViewCellLabel.swift */; };
		38DA23D7247CEE550046239F /* CalculatorCollectionViewCell.swift in Sources */ = {isa = PBXBuildFile; fileRef = 38DA23D6247CEE550046239F /* CalculatorCollectionViewCell.swift */; };
		38DA23DE247CEF440046239F /* Constraints.swift in Sources */ = {isa = PBXBuildFile; fileRef = 38DA23DD247CEF440046239F /* Constraints.swift */; };
		38DA23E0247CEF610046239F /* DummyLabelConstraints.swift in Sources */ = {isa = PBXBuildFile; fileRef = 38DA23DF247CEF610046239F /* DummyLabelConstraints.swift */; };
		38DA23E2247CEF9A0046239F /* OutputLabelConstraints.swift in Sources */ = {isa = PBXBuildFile; fileRef = 38DA23E1247CEF9A0046239F /* OutputLabelConstraints.swift */; };
		38DA23E4247CEFAE0046239F /* SIUnitLabelConstraints.swift in Sources */ = {isa = PBXBuildFile; fileRef = 38DA23E3247CEFAE0046239F /* SIUnitLabelConstraints.swift */; };
		38DA23E6247CEFD10046239F /* ScientificCalculatorCollectionViewConstraints.swift in Sources */ = {isa = PBXBuildFile; fileRef = 38DA23E5247CEFD10046239F /* ScientificCalculatorCollectionViewConstraints.swift */; };
		38DA23E8247CEFFA0046239F /* StandardCalculatorCollectionViewConstraints.swift in Sources */ = {isa = PBXBuildFile; fileRef = 38DA23E7247CEFFA0046239F /* StandardCalculatorCollectionViewConstraints.swift */; };
		38DA23F5247CFAD90046239F /* CalculatorConstraints.swift in Sources */ = {isa = PBXBuildFile; fileRef = 38DA23F4247CFAD90046239F /* CalculatorConstraints.swift */; };
		38DA23F9247CFC390046239F /* OutputLabelUniversalConstraints.swift in Sources */ = {isa = PBXBuildFile; fileRef = 38DA23F8247CFC390046239F /* OutputLabelUniversalConstraints.swift */; };
		38DA23FB247CFC6A0046239F /* OutputLabelLandscapeConstraints.swift in Sources */ = {isa = PBXBuildFile; fileRef = 38DA23FA247CFC6A0046239F /* OutputLabelLandscapeConstraints.swift */; };
		38DA23FD247CFCD20046239F /* OutputLabelPortraitConstraints.swift in Sources */ = {isa = PBXBuildFile; fileRef = 38DA23FC247CFCD20046239F /* OutputLabelPortraitConstraints.swift */; };
		38ECE1302488802E00928865 /* CalculatorCellContainer.swift in Sources */ = {isa = PBXBuildFile; fileRef = 38ECE12F2488802E00928865 /* CalculatorCellContainer.swift */; };
/* End PBXBuildFile section */

/* Begin PBXFileReference section */
		380805E32489D00600FAF9BE /* SIUnitLabelUniversalConstraints.swift */ = {isa = PBXFileReference; lastKnownFileType = sourcecode.swift; path = SIUnitLabelUniversalConstraints.swift; sourceTree = "<group>"; };
		38097A6424948DD0009712EF /* LabelViewConstraints.swift */ = {isa = PBXFileReference; lastKnownFileType = sourcecode.swift; path = LabelViewConstraints.swift; sourceTree = "<group>"; };
		38097A6624948E0F009712EF /* LabelViewLandscapeConstraints.swift */ = {isa = PBXFileReference; lastKnownFileType = sourcecode.swift; path = LabelViewLandscapeConstraints.swift; sourceTree = "<group>"; };
		38097A6824948E34009712EF /* LabelViewUniversalConstraints.swift */ = {isa = PBXFileReference; lastKnownFileType = sourcecode.swift; path = LabelViewUniversalConstraints.swift; sourceTree = "<group>"; };
		38097A6E2494A7B6009712EF /* RadicalViewSelected.swift */ = {isa = PBXFileReference; lastKnownFileType = sourcecode.swift; path = RadicalViewSelected.swift; sourceTree = "<group>"; };
		38097A702494A7E6009712EF /* RadicalViewDeselected.swift */ = {isa = PBXFileReference; lastKnownFileType = sourcecode.swift; path = RadicalViewDeselected.swift; sourceTree = "<group>"; };
		38097A722494AF4C009712EF /* LabelView.swift */ = {isa = PBXFileReference; lastKnownFileType = sourcecode.swift; path = LabelView.swift; sourceTree = "<group>"; };
		382019FD247DC454004FDE24 /* SIUnitLabelConstraintsLandscapeConstraints.swift */ = {isa = PBXFileReference; lastKnownFileType = sourcecode.swift; path = SIUnitLabelConstraintsLandscapeConstraints.swift; sourceTree = "<group>"; };
		382019FF247DC465004FDE24 /* SIUnitLabelConstraintsPortraitConstraints.swift */ = {isa = PBXFileReference; lastKnownFileType = sourcecode.swift; path = SIUnitLabelConstraintsPortraitConstraints.swift; sourceTree = "<group>"; };
		38201A01247DC486004FDE24 /* ScientificCalculatorCollectionViewLandscapeConstraints.swift */ = {isa = PBXFileReference; lastKnownFileType = sourcecode.swift; path = ScientificCalculatorCollectionViewLandscapeConstraints.swift; sourceTree = "<group>"; };
		38201A07247DC4FC004FDE24 /* StandardCalculatorCollectionViewPortraitConstraints.swift */ = {isa = PBXFileReference; lastKnownFileType = sourcecode.swift; path = StandardCalculatorCollectionViewPortraitConstraints.swift; sourceTree = "<group>"; };
		38201A09247DC591004FDE24 /* ScientificCalculatorCollectionViewUniversalConstraints.swift */ = {isa = PBXFileReference; lastKnownFileType = sourcecode.swift; path = ScientificCalculatorCollectionViewUniversalConstraints.swift; sourceTree = "<group>"; };
		38201A11247DCC75004FDE24 /* StandardCalculatorCollectionViewUniversalConstraints.swift */ = {isa = PBXFileReference; lastKnownFileType = sourcecode.swift; path = StandardCalculatorCollectionViewUniversalConstraints.swift; sourceTree = "<group>"; };
		38201A3C247DE6BC004FDE24 /* Calculator.swift */ = {isa = PBXFileReference; lastKnownFileType = sourcecode.swift; path = Calculator.swift; sourceTree = "<group>"; };
		38201A41247DEC15004FDE24 /* CalculatorCell.swift */ = {isa = PBXFileReference; lastKnownFileType = sourcecode.swift; path = CalculatorCell.swift; sourceTree = "<group>"; };
		38271EA424A3329500D8F1DE /* Solver.swift */ = {isa = PBXFileReference; lastKnownFileType = sourcecode.swift; name = Solver.swift; path = iPhoneCalculatorRebuild/Solving/ModelControllers/Solver.swift; sourceTree = SOURCE_ROOT; };
		3829545F249381F9002897E3 /* CalculatorBrain.swift */ = {isa = PBXFileReference; lastKnownFileType = sourcecode.swift; path = CalculatorBrain.swift; sourceTree = "<group>"; };
		3841842F249EE02300CDDE0A /* PrecedenceOperationController.swift */ = {isa = PBXFileReference; lastKnownFileType = sourcecode.swift; path = PrecedenceOperationController.swift; sourceTree = "<group>"; };
		3848811A24A1DC3300EDCDF6 /* PrecedenceOperation.swift */ = {isa = PBXFileReference; lastKnownFileType = sourcecode.swift; name = PrecedenceOperation.swift; path = ../../PrecedenceOperation.swift; sourceTree = "<group>"; };
		3848AB8424AB1450002FD7A2 /* SF-Pro-Display-Regular.otf */ = {isa = PBXFileReference; lastKnownFileType = file; path = "SF-Pro-Display-Regular.otf"; sourceTree = "<group>"; };
		3848AB8524AB1450002FD7A2 /* SF-Pro-Text-Thin.otf */ = {isa = PBXFileReference; lastKnownFileType = file; path = "SF-Pro-Text-Thin.otf"; sourceTree = "<group>"; };
		3848AB8624AB1450002FD7A2 /* SF-Pro-Display-Thin.otf */ = {isa = PBXFileReference; lastKnownFileType = file; path = "SF-Pro-Display-Thin.otf"; sourceTree = "<group>"; };
		3848AB8724AB1450002FD7A2 /* SF-Pro-Text-Regular.otf */ = {isa = PBXFileReference; lastKnownFileType = file; path = "SF-Pro-Text-Regular.otf"; sourceTree = "<group>"; };
		3848AB8824AB1451002FD7A2 /* SF-Pro-Text-Semibold.otf */ = {isa = PBXFileReference; lastKnownFileType = file; path = "SF-Pro-Text-Semibold.otf"; sourceTree = "<group>"; };
		3848AB8924AB1451002FD7A2 /* SF-Pro-Display-Light.otf */ = {isa = PBXFileReference; lastKnownFileType = file; path = "SF-Pro-Display-Light.otf"; sourceTree = "<group>"; };
		3870744D2499B70500C74D25 /* Term.swift */ = {isa = PBXFileReference; lastKnownFileType = sourcecode.swift; path = Term.swift; sourceTree = "<group>"; };
		3870744F2499B74800C74D25 /* Constant.swift */ = {isa = PBXFileReference; lastKnownFileType = sourcecode.swift; path = Constant.swift; sourceTree = "<group>"; };
		387074532499BAF200C74D25 /* FixedOperand.swift */ = {isa = PBXFileReference; lastKnownFileType = sourcecode.swift; path = FixedOperand.swift; sourceTree = "<group>"; };
		387074552499BB1D00C74D25 /* FunctionWithOneInput.swift */ = {isa = PBXFileReference; lastKnownFileType = sourcecode.swift; path = FunctionWithOneInput.swift; sourceTree = "<group>"; };
		387074572499BB3E00C74D25 /* FunctionWithTwoInputs.swift */ = {isa = PBXFileReference; lastKnownFileType = sourcecode.swift; path = FunctionWithTwoInputs.swift; sourceTree = "<group>"; };
		387074592499BB6600C74D25 /* MemoryRecall.swift */ = {isa = PBXFileReference; lastKnownFileType = sourcecode.swift; path = MemoryRecall.swift; sourceTree = "<group>"; };
		3870745B2499BB7100C74D25 /* MutableOperand.swift */ = {isa = PBXFileReference; lastKnownFileType = sourcecode.swift; path = MutableOperand.swift; sourceTree = "<group>"; };
		3870745D2499BB8B00C74D25 /* PercentageFunction.swift */ = {isa = PBXFileReference; lastKnownFileType = sourcecode.swift; path = PercentageFunction.swift; sourceTree = "<group>"; };
		3870745F2499BBAC00C74D25 /* TrigonometricFunction.swift */ = {isa = PBXFileReference; lastKnownFileType = sourcecode.swift; path = TrigonometricFunction.swift; sourceTree = "<group>"; };
		3870746B2499E21D00C74D25 /* Operation.swift */ = {isa = PBXFileReference; lastKnownFileType = sourcecode.swift; path = Operation.swift; sourceTree = "<group>"; };
		387B4B55247DEE5A003AC960 /* Colors.swift */ = {isa = PBXFileReference; lastKnownFileType = sourcecode.swift; name = Colors.swift; path = iPhoneCalculatorRebuild/Colors/Colors.swift; sourceTree = SOURCE_ROOT; };
		387C575D249AA0670058DAB8 /* ArithmeticController.swift */ = {isa = PBXFileReference; lastKnownFileType = sourcecode.swift; path = ArithmeticController.swift; sourceTree = "<group>"; };
		388B0F72247E2B2A00297941 /* Fonts.swift */ = {isa = PBXFileReference; lastKnownFileType = sourcecode.swift; path = Fonts.swift; sourceTree = "<group>"; };
		38A01B772489966900FB6FB6 /* DummyLabelUniversalConstraints.swift */ = {isa = PBXFileReference; lastKnownFileType = sourcecode.swift; path = DummyLabelUniversalConstraints.swift; sourceTree = "<group>"; };
		38B7854E24801B7600DCFF2D /* ScientificCalculator.swift */ = {isa = PBXFileReference; lastKnownFileType = sourcecode.swift; name = ScientificCalculator.swift; path = "Scientific Calculator/ScientificCalculator.swift"; sourceTree = "<group>"; };
		38B7855024801B8A00DCFF2D /* StandardCalculator.swift */ = {isa = PBXFileReference; lastKnownFileType = sourcecode.swift; name = StandardCalculator.swift; path = iPhoneCalculatorRebuild/Calculator/StandardCalculator.swift; sourceTree = SOURCE_ROOT; };
		38DA23A2247CE6B70046239F /* iPhoneCalculatorRebuild.app */ = {isa = PBXFileReference; explicitFileType = wrapper.application; includeInIndex = 0; path = iPhoneCalculatorRebuild.app; sourceTree = BUILT_PRODUCTS_DIR; };
		38DA23A5247CE6B70046239F /* AppDelegate.swift */ = {isa = PBXFileReference; lastKnownFileType = sourcecode.swift; path = AppDelegate.swift; sourceTree = "<group>"; };
		38DA23A7247CE6B70046239F /* SceneDelegate.swift */ = {isa = PBXFileReference; lastKnownFileType = sourcecode.swift; path = SceneDelegate.swift; sourceTree = "<group>"; };
		38DA23AC247CE6B70046239F /* Base */ = {isa = PBXFileReference; lastKnownFileType = file.storyboard; name = Base; path = Base.lproj/Main.storyboard; sourceTree = "<group>"; };
		38DA23AE247CE6BB0046239F /* Assets.xcassets */ = {isa = PBXFileReference; lastKnownFileType = folder.assetcatalog; path = Assets.xcassets; sourceTree = "<group>"; };
		38DA23B3247CE6BB0046239F /* Info.plist */ = {isa = PBXFileReference; lastKnownFileType = text.plist.xml; path = Info.plist; sourceTree = "<group>"; };
		38DA23B9247CE7430046239F /* CalculatorViewController.swift */ = {isa = PBXFileReference; lastKnownFileType = sourcecode.swift; name = CalculatorViewController.swift; path = "iPhoneCalculatorRebuild/View Controller/CalculatorViewController.swift"; sourceTree = SOURCE_ROOT; };
		38DA23BF247CE8870046239F /* OutputLabel.swift */ = {isa = PBXFileReference; lastKnownFileType = sourcecode.swift; path = OutputLabel.swift; sourceTree = "<group>"; };
		38DA23C1247CE8AA0046239F /* SIUnitLabel.swift */ = {isa = PBXFileReference; lastKnownFileType = sourcecode.swift; path = SIUnitLabel.swift; sourceTree = "<group>"; };
		38DA23C5247CE9880046239F /* DummyLabel.swift */ = {isa = PBXFileReference; lastKnownFileType = sourcecode.swift; path = DummyLabel.swift; sourceTree = "<group>"; };
		38DA23CC247CEC830046239F /* ScientificCalculatorCollectionView.swift */ = {isa = PBXFileReference; lastKnownFileType = sourcecode.swift; name = ScientificCalculatorCollectionView.swift; path = iPhoneCalculatorRebuild/Views/CollectionViews/ScientificCalculatorCollectionView.swift; sourceTree = SOURCE_ROOT; };
		38DA23CE247CECA00046239F /* StandardCalculatorCollectionView.swift */ = {isa = PBXFileReference; lastKnownFileType = sourcecode.swift; path = StandardCalculatorCollectionView.swift; sourceTree = "<group>"; };
		38DA23D4247CEE0F0046239F /* CalculatorCollectionViewCellLabel.swift */ = {isa = PBXFileReference; lastKnownFileType = sourcecode.swift; path = CalculatorCollectionViewCellLabel.swift; sourceTree = "<group>"; };
		38DA23D6247CEE550046239F /* CalculatorCollectionViewCell.swift */ = {isa = PBXFileReference; lastKnownFileType = sourcecode.swift; path = CalculatorCollectionViewCell.swift; sourceTree = "<group>"; };
		38DA23DD247CEF440046239F /* Constraints.swift */ = {isa = PBXFileReference; lastKnownFileType = sourcecode.swift; path = Constraints.swift; sourceTree = "<group>"; };
		38DA23DF247CEF610046239F /* DummyLabelConstraints.swift */ = {isa = PBXFileReference; lastKnownFileType = sourcecode.swift; path = DummyLabelConstraints.swift; sourceTree = "<group>"; };
		38DA23E1247CEF9A0046239F /* OutputLabelConstraints.swift */ = {isa = PBXFileReference; lastKnownFileType = sourcecode.swift; path = OutputLabelConstraints.swift; sourceTree = "<group>"; };
		38DA23E3247CEFAE0046239F /* SIUnitLabelConstraints.swift */ = {isa = PBXFileReference; lastKnownFileType = sourcecode.swift; path = SIUnitLabelConstraints.swift; sourceTree = "<group>"; };
		38DA23E5247CEFD10046239F /* ScientificCalculatorCollectionViewConstraints.swift */ = {isa = PBXFileReference; lastKnownFileType = sourcecode.swift; path = ScientificCalculatorCollectionViewConstraints.swift; sourceTree = "<group>"; };
		38DA23E7247CEFFA0046239F /* StandardCalculatorCollectionViewConstraints.swift */ = {isa = PBXFileReference; lastKnownFileType = sourcecode.swift; name = StandardCalculatorCollectionViewConstraints.swift; path = "iPhoneCalculatorRebuild/Layout/Constraints/Standard Calculator CollectionView/StandardCalculatorCollectionViewConstraints.swift"; sourceTree = SOURCE_ROOT; };
		38DA23F4247CFAD90046239F /* CalculatorConstraints.swift */ = {isa = PBXFileReference; lastKnownFileType = sourcecode.swift; path = CalculatorConstraints.swift; sourceTree = "<group>"; };
		38DA23F8247CFC390046239F /* OutputLabelUniversalConstraints.swift */ = {isa = PBXFileReference; lastKnownFileType = sourcecode.swift; path = OutputLabelUniversalConstraints.swift; sourceTree = "<group>"; };
		38DA23FA247CFC6A0046239F /* OutputLabelLandscapeConstraints.swift */ = {isa = PBXFileReference; lastKnownFileType = sourcecode.swift; path = OutputLabelLandscapeConstraints.swift; sourceTree = "<group>"; };
		38DA23FC247CFCD20046239F /* OutputLabelPortraitConstraints.swift */ = {isa = PBXFileReference; lastKnownFileType = sourcecode.swift; path = OutputLabelPortraitConstraints.swift; sourceTree = "<group>"; };
		38ECE12F2488802E00928865 /* CalculatorCellContainer.swift */ = {isa = PBXFileReference; lastKnownFileType = sourcecode.swift; name = CalculatorCellContainer.swift; path = "iPhoneCalculatorRebuild/Calculator Cell/CalculatorCellContainer.swift"; sourceTree = SOURCE_ROOT; };
/* End PBXFileReference section */

/* Begin PBXFrameworksBuildPhase section */
		38DA239F247CE6B70046239F /* Frameworks */ = {
			isa = PBXFrameworksBuildPhase;
			buildActionMask = 2147483647;
			files = (
			);
			runOnlyForDeploymentPostprocessing = 0;
		};
/* End PBXFrameworksBuildPhase section */

/* Begin PBXGroup section */
		38097A6A24948E4E009712EF /* LabelView */ = {
			isa = PBXGroup;
			children = (
				38097A6424948DD0009712EF /* LabelViewConstraints.swift */,
				38097A6624948E0F009712EF /* LabelViewLandscapeConstraints.swift */,
				38097A6824948E34009712EF /* LabelViewUniversalConstraints.swift */,
			);
			path = LabelView;
			sourceTree = "<group>";
		};
		38201A3B247DE69F004FDE24 /* Calculator */ = {
			isa = PBXGroup;
			children = (
				38201A3C247DE6BC004FDE24 /* Calculator.swift */,
				38B7854E24801B7600DCFF2D /* ScientificCalculator.swift */,
				38B7855024801B8A00DCFF2D /* StandardCalculator.swift */,
			);
			name = Calculator;
			path = iPhoneCalculatorRebuild/Calculator;
			sourceTree = SOURCE_ROOT;
		};
		38201A40247DEBD9004FDE24 /* Calculator Cell */ = {
			isa = PBXGroup;
			children = (
				38201A41247DEC15004FDE24 /* CalculatorCell.swift */,
				38ECE12F2488802E00928865 /* CalculatorCellContainer.swift */,
			);
			path = "Calculator Cell";
			sourceTree = "<group>";
		};
		3870744B2499B39900C74D25 /* ModelControllers */ = {
			isa = PBXGroup;
			children = (
				3829545F249381F9002897E3 /* CalculatorBrain.swift */,
				387C575D249AA0670058DAB8 /* ArithmeticController.swift */,
				3841842F249EE02300CDDE0A /* PrecedenceOperationController.swift */,
				3848811A24A1DC3300EDCDF6 /* PrecedenceOperation.swift */,
				38271EA424A3329500D8F1DE /* Solver.swift */,
			);
			path = ModelControllers;
			sourceTree = "<group>";
		};
		3870744C2499B6F000C74D25 /* Terms */ = {
			isa = PBXGroup;
			children = (
				3870744D2499B70500C74D25 /* Term.swift */,
				3870744F2499B74800C74D25 /* Constant.swift */,
				387074532499BAF200C74D25 /* FixedOperand.swift */,
				387074552499BB1D00C74D25 /* FunctionWithOneInput.swift */,
				387074572499BB3E00C74D25 /* FunctionWithTwoInputs.swift */,
				387074592499BB6600C74D25 /* MemoryRecall.swift */,
				3870745B2499BB7100C74D25 /* MutableOperand.swift */,
				3870746B2499E21D00C74D25 /* Operation.swift */,
				3870745D2499BB8B00C74D25 /* PercentageFunction.swift */,
				3870745F2499BBAC00C74D25 /* TrigonometricFunction.swift */,
			);
			path = Terms;
			sourceTree = "<group>";
		};
		387B4B57247DEEBB003AC960 /* Colors */ = {
			isa = PBXGroup;
			children = (
				387B4B55247DEE5A003AC960 /* Colors.swift */,
			);
			name = Colors;
			path = iPhoneCalculatorRebuild/Colors;
			sourceTree = SOURCE_ROOT;
		};
		388B0F74247E2B2E00297941 /* Fonts */ = {
			isa = PBXGroup;
			children = (
				388B0F72247E2B2A00297941 /* Fonts.swift */,
				3848AB8924AB1451002FD7A2 /* SF-Pro-Display-Light.otf */,
				3848AB8424AB1450002FD7A2 /* SF-Pro-Display-Regular.otf */,
				3848AB8624AB1450002FD7A2 /* SF-Pro-Display-Thin.otf */,
				3848AB8724AB1450002FD7A2 /* SF-Pro-Text-Regular.otf */,
				3848AB8824AB1451002FD7A2 /* SF-Pro-Text-Semibold.otf */,
				3848AB8524AB1450002FD7A2 /* SF-Pro-Text-Thin.otf */,
			);
			path = Fonts;
			sourceTree = "<group>";
		};
		38A01B76248995A900FB6FB6 /* View Controller */ = {
			isa = PBXGroup;
			children = (
				38DA23B9247CE7430046239F /* CalculatorViewController.swift */,
			);
			path = "View Controller";
			sourceTree = "<group>";
		};
		38DA2399247CE6B70046239F = {
			isa = PBXGroup;
			children = (
				38DA23A4247CE6B70046239F /* iPhoneCalculatorRebuild */,
			);
			sourceTree = "<group>";
		};
		38DA23A3247CE6B70046239F /* Products */ = {
			isa = PBXGroup;
			children = (
				38DA23A2247CE6B70046239F /* iPhoneCalculatorRebuild.app */,
			);
			name = Products;
			path = ..;
			sourceTree = "<group>";
		};
		38DA23A4247CE6B70046239F /* iPhoneCalculatorRebuild */ = {
			isa = PBXGroup;
			children = (
				387B4B57247DEEBB003AC960 /* Colors */,
				38201A3B247DE69F004FDE24 /* Calculator */,
				38201A40247DEBD9004FDE24 /* Calculator Cell */,
				388B0F74247E2B2E00297941 /* Fonts */,
				38DA23D8247CEEC30046239F /* Layout */,
				38DA23A3247CE6B70046239F /* Products */,
				38DA23CA247CEBC00046239F /* Protocols */,
				38DA23BC247CE7820046239F /* Resources */,
				38DA23C8247CEA600046239F /* Solving */,
				38DA23BD247CE78F0046239F /* Storyboard */,
				38DA23BE247CE81A0046239F /* Views */,
				38A01B76248995A900FB6FB6 /* View Controller */,
				38DA23B3247CE6BB0046239F /* Info.plist */,
			);
			path = iPhoneCalculatorRebuild;
			sourceTree = "<group>";
		};
		38DA23BC247CE7820046239F /* Resources */ = {
			isa = PBXGroup;
			children = (
				38DA23A5247CE6B70046239F /* AppDelegate.swift */,
				38DA23A7247CE6B70046239F /* SceneDelegate.swift */,
				38DA23AE247CE6BB0046239F /* Assets.xcassets */,
			);
			path = Resources;
			sourceTree = "<group>";
		};
		38DA23BD247CE78F0046239F /* Storyboard */ = {
			isa = PBXGroup;
			children = (
				38DA23AB247CE6B70046239F /* Main.storyboard */,
			);
			path = Storyboard;
			sourceTree = "<group>";
		};
		38DA23BE247CE81A0046239F /* Views */ = {
			isa = PBXGroup;
			children = (
				38DA23CB247CEC3F0046239F /* CollectionViews */,
				38DA23D0247CECCD0046239F /* CollectionViewCells */,
				38DA23D1247CECE00046239F /* LabelView */,
			);
			path = Views;
			sourceTree = "<group>";
		};
		38DA23C8247CEA600046239F /* Solving */ = {
			isa = PBXGroup;
			children = (
				3870744C2499B6F000C74D25 /* Terms */,
				3870744B2499B39900C74D25 /* ModelControllers */,
			);
			path = Solving;
			sourceTree = "<group>";
		};
		38DA23CA247CEBC00046239F /* Protocols */ = {
			isa = PBXGroup;
			children = (
			);
			path = Protocols;
			sourceTree = "<group>";
		};
		38DA23CB247CEC3F0046239F /* CollectionViews */ = {
			isa = PBXGroup;
			children = (
				38DA23CC247CEC830046239F /* ScientificCalculatorCollectionView.swift */,
				38DA23CE247CECA00046239F /* StandardCalculatorCollectionView.swift */,
			);
			name = CollectionViews;
			path = iPhoneCalculatorRebuild/Views/CollectionViews;
			sourceTree = SOURCE_ROOT;
		};
		38DA23D0247CECCD0046239F /* CollectionViewCells */ = {
			isa = PBXGroup;
			children = (
				38DA23D6247CEE550046239F /* CalculatorCollectionViewCell.swift */,
				38DA23D4247CEE0F0046239F /* CalculatorCollectionViewCellLabel.swift */,
				38097A702494A7E6009712EF /* RadicalViewDeselected.swift */,
				38097A6E2494A7B6009712EF /* RadicalViewSelected.swift */,
			);
			path = CollectionViewCells;
			sourceTree = "<group>";
		};
		38DA23D1247CECE00046239F /* LabelView */ = {
			isa = PBXGroup;
			children = (
				38097A722494AF4C009712EF /* LabelView.swift */,
				38DA23C5247CE9880046239F /* DummyLabel.swift */,
				38DA23BF247CE8870046239F /* OutputLabel.swift */,
				38DA23C1247CE8AA0046239F /* SIUnitLabel.swift */,
			);
			path = LabelView;
			sourceTree = "<group>";
		};
		38DA23D8247CEEC30046239F /* Layout */ = {
			isa = PBXGroup;
			children = (
				38DA23DA247CEEF30046239F /* Constraints */,
			);
			path = Layout;
			sourceTree = "<group>";
		};
		38DA23DA247CEEF30046239F /* Constraints */ = {
			isa = PBXGroup;
			children = (
				38DA23F4247CFAD90046239F /* CalculatorConstraints.swift */,
				38DA23DD247CEF440046239F /* Constraints.swift */,
				38DA23EF247CFA700046239F /* DummyLabel */,
				38097A6A24948E4E009712EF /* LabelView */,
				38DA23ED247CF9700046239F /* OutputLabel */,
				38DA2400247CFDD20046239F /* Scientific Calculator CollectionView */,
				38DA2401247CFDE60046239F /* SIUnit Label */,
				38DA23FF247CFD720046239F /* Standard Calculator CollectionView */,
			);
			path = Constraints;
			sourceTree = "<group>";
		};
		38DA23ED247CF9700046239F /* OutputLabel */ = {
			isa = PBXGroup;
			children = (
				38DA23E1247CEF9A0046239F /* OutputLabelConstraints.swift */,
				38DA23FA247CFC6A0046239F /* OutputLabelLandscapeConstraints.swift */,
				38DA23FC247CFCD20046239F /* OutputLabelPortraitConstraints.swift */,
				38DA23F8247CFC390046239F /* OutputLabelUniversalConstraints.swift */,
			);
			path = OutputLabel;
			sourceTree = "<group>";
		};
		38DA23EF247CFA700046239F /* DummyLabel */ = {
			isa = PBXGroup;
			children = (
				38DA23DF247CEF610046239F /* DummyLabelConstraints.swift */,
				38A01B772489966900FB6FB6 /* DummyLabelUniversalConstraints.swift */,
			);
			path = DummyLabel;
			sourceTree = "<group>";
		};
		38DA23FF247CFD720046239F /* Standard Calculator CollectionView */ = {
			isa = PBXGroup;
			children = (
				38DA23E7247CEFFA0046239F /* StandardCalculatorCollectionViewConstraints.swift */,
				38201A07247DC4FC004FDE24 /* StandardCalculatorCollectionViewPortraitConstraints.swift */,
				38201A11247DCC75004FDE24 /* StandardCalculatorCollectionViewUniversalConstraints.swift */,
			);
			name = "Standard Calculator CollectionView";
			path = "iPhoneCalculatorRebuild/Layout/Constraints/Standard Calculator CollectionView";
			sourceTree = SOURCE_ROOT;
		};
		38DA2400247CFDD20046239F /* Scientific Calculator CollectionView */ = {
			isa = PBXGroup;
			children = (
				38DA23E5247CEFD10046239F /* ScientificCalculatorCollectionViewConstraints.swift */,
				38201A01247DC486004FDE24 /* ScientificCalculatorCollectionViewLandscapeConstraints.swift */,
				38201A09247DC591004FDE24 /* ScientificCalculatorCollectionViewUniversalConstraints.swift */,
			);
			path = "Scientific Calculator CollectionView";
			sourceTree = "<group>";
		};
		38DA2401247CFDE60046239F /* SIUnit Label */ = {
			isa = PBXGroup;
			children = (
				38DA23E3247CEFAE0046239F /* SIUnitLabelConstraints.swift */,
				382019FD247DC454004FDE24 /* SIUnitLabelConstraintsLandscapeConstraints.swift */,
				382019FF247DC465004FDE24 /* SIUnitLabelConstraintsPortraitConstraints.swift */,
				380805E32489D00600FAF9BE /* SIUnitLabelUniversalConstraints.swift */,
			);
			path = "SIUnit Label";
			sourceTree = "<group>";
		};
/* End PBXGroup section */

/* Begin PBXNativeTarget section */
		38DA23A1247CE6B70046239F /* iPhoneCalculatorRebuild */ = {
			isa = PBXNativeTarget;
			buildConfigurationList = 38DA23B6247CE6BB0046239F /* Build configuration list for PBXNativeTarget "iPhoneCalculatorRebuild" */;
			buildPhases = (
				38DA239E247CE6B70046239F /* Sources */,
				38DA239F247CE6B70046239F /* Frameworks */,
				38DA23A0247CE6B70046239F /* Resources */,
			);
			buildRules = (
			);
			dependencies = (
			);
			name = iPhoneCalculatorRebuild;
			productName = iPhoneCalculatorRebuild;
			productReference = 38DA23A2247CE6B70046239F /* iPhoneCalculatorRebuild.app */;
			productType = "com.apple.product-type.application";
		};
/* End PBXNativeTarget section */

/* Begin PBXProject section */
		38DA239A247CE6B70046239F /* Project object */ = {
			isa = PBXProject;
			attributes = {
				LastSwiftUpdateCheck = 1130;
				LastUpgradeCheck = 1130;
				ORGANIZATIONNAME = "Alfredo Colon";
				TargetAttributes = {
					38DA23A1247CE6B70046239F = {
						CreatedOnToolsVersion = 11.3.1;
					};
				};
			};
			buildConfigurationList = 38DA239D247CE6B70046239F /* Build configuration list for PBXProject "iPhoneCalculatorRebuild" */;
			compatibilityVersion = "Xcode 9.3";
			developmentRegion = en;
			hasScannedForEncodings = 0;
			knownRegions = (
				en,
				Base,
			);
			mainGroup = 38DA2399247CE6B70046239F;
			productRefGroup = 38DA23A3247CE6B70046239F /* Products */;
			projectDirPath = "";
			projectRoot = "";
			targets = (
				38DA23A1247CE6B70046239F /* iPhoneCalculatorRebuild */,
			);
		};
/* End PBXProject section */

/* Begin PBXResourcesBuildPhase section */
		38DA23A0247CE6B70046239F /* Resources */ = {
			isa = PBXResourcesBuildPhase;
			buildActionMask = 2147483647;
			files = (
				3848AB8A24AB1451002FD7A2 /* SF-Pro-Display-Regular.otf in Resources */,
				3848AB8B24AB1451002FD7A2 /* SF-Pro-Text-Thin.otf in Resources */,
				3848AB8C24AB1451002FD7A2 /* SF-Pro-Display-Thin.otf in Resources */,
				3848AB8D24AB1451002FD7A2 /* SF-Pro-Text-Regular.otf in Resources */,
				3848AB8E24AB1451002FD7A2 /* SF-Pro-Text-Semibold.otf in Resources */,
				3848AB8F24AB1451002FD7A2 /* SF-Pro-Display-Light.otf in Resources */,
				38DA23AF247CE6BB0046239F /* Assets.xcassets in Resources */,
				38DA23AD247CE6B70046239F /* Main.storyboard in Resources */,
			);
			runOnlyForDeploymentPostprocessing = 0;
		};
/* End PBXResourcesBuildPhase section */

/* Begin PBXSourcesBuildPhase section */
		38DA239E247CE6B70046239F /* Sources */ = {
			isa = PBXSourcesBuildPhase;
			buildActionMask = 2147483647;
			files = (
				38DA23A6247CE6B70046239F /* AppDelegate.swift in Sources */,
				387074502499B74800C74D25 /* Constant.swift in Sources */,
				387074602499BBAC00C74D25 /* TrigonometricFunction.swift in Sources */,
				38DA23D5247CEE0F0046239F /* CalculatorCollectionViewCellLabel.swift in Sources */,
				38DA23C6247CE9880046239F /* DummyLabel.swift in Sources */,
				3870746C2499E21D00C74D25 /* Operation.swift in Sources */,
				3870745C2499BB7100C74D25 /* MutableOperand.swift in Sources */,
				38DA23CF247CECA00046239F /* StandardCalculatorCollectionView.swift in Sources */,
				38097A6924948E34009712EF /* LabelViewUniversalConstraints.swift in Sources */,
				38418430249EE02300CDDE0A /* PrecedenceOperationController.swift in Sources */,
				3870744E2499B70500C74D25 /* Term.swift in Sources */,
				38295460249381F9002897E3 /* CalculatorBrain.swift in Sources */,
				38DA23E4247CEFAE0046239F /* SIUnitLabelConstraints.swift in Sources */,
				38DA23F9247CFC390046239F /* OutputLabelUniversalConstraints.swift in Sources */,
				38DA23DE247CEF440046239F /* Constraints.swift in Sources */,
				387074542499BAF200C74D25 /* FixedOperand.swift in Sources */,
				38201A12247DCC75004FDE24 /* StandardCalculatorCollectionViewUniversalConstraints.swift in Sources */,
				38201A0A247DC591004FDE24 /* ScientificCalculatorCollectionViewUniversalConstraints.swift in Sources */,
				38097A712494A7E6009712EF /* RadicalViewDeselected.swift in Sources */,
				38DA23C0247CE8870046239F /* OutputLabel.swift in Sources */,
				382019FE247DC454004FDE24 /* SIUnitLabelConstraintsLandscapeConstraints.swift in Sources */,
				3870745A2499BB6600C74D25 /* MemoryRecall.swift in Sources */,
				38097A6724948E0F009712EF /* LabelViewLandscapeConstraints.swift in Sources */,
				38DA23BA247CE7430046239F /* CalculatorViewController.swift in Sources */,
				38DA23E6247CEFD10046239F /* ScientificCalculatorCollectionViewConstraints.swift in Sources */,
				38DA23FB247CFC6A0046239F /* OutputLabelLandscapeConstraints.swift in Sources */,
				38DA23A8247CE6B70046239F /* SceneDelegate.swift in Sources */,
				38201A02247DC486004FDE24 /* ScientificCalculatorCollectionViewLandscapeConstraints.swift in Sources */,
				38DA23CD247CEC830046239F /* ScientificCalculatorCollectionView.swift in Sources */,
				38DA23E2247CEF9A0046239F /* OutputLabelConstraints.swift in Sources */,
				387074562499BB1D00C74D25 /* FunctionWithOneInput.swift in Sources */,
				387C575E249AA0670058DAB8 /* ArithmeticController.swift in Sources */,
				38097A6F2494A7B6009712EF /* RadicalViewSelected.swift in Sources */,
				38B7855124801B8A00DCFF2D /* StandardCalculator.swift in Sources */,
				3848811B24A1DC3300EDCDF6 /* PrecedenceOperation.swift in Sources */,
				38B7854F24801B7600DCFF2D /* ScientificCalculator.swift in Sources */,
				380805E42489D00600FAF9BE /* SIUnitLabelUniversalConstraints.swift in Sources */,
				38271EA524A3329500D8F1DE /* Solver.swift in Sources */,
				38201A3D247DE6BD004FDE24 /* Calculator.swift in Sources */,
				38097A6524948DD0009712EF /* LabelViewConstraints.swift in Sources */,
				38DA23E8247CEFFA0046239F /* StandardCalculatorCollectionViewConstraints.swift in Sources */,
				3870745E2499BB8B00C74D25 /* PercentageFunction.swift in Sources */,
				38201A08247DC4FC004FDE24 /* StandardCalculatorCollectionViewPortraitConstraints.swift in Sources */,
				38201A00247DC465004FDE24 /* SIUnitLabelConstraintsPortraitConstraints.swift in Sources */,
				387B4B56247DEE5A003AC960 /* Colors.swift in Sources */,
				38201A42247DEC15004FDE24 /* CalculatorCell.swift in Sources */,
				38097A732494AF4C009712EF /* LabelView.swift in Sources */,
				38A01B782489966900FB6FB6 /* DummyLabelUniversalConstraints.swift in Sources */,
				38DA23D7247CEE550046239F /* CalculatorCollectionViewCell.swift in Sources */,
				38DA23E0247CEF610046239F /* DummyLabelConstraints.swift in Sources */,
				38DA23C2247CE8AA0046239F /* SIUnitLabel.swift in Sources */,
				38DA23F5247CFAD90046239F /* CalculatorConstraints.swift in Sources */,
				387074582499BB3E00C74D25 /* FunctionWithTwoInputs.swift in Sources */,
				38DA23FD247CFCD20046239F /* OutputLabelPortraitConstraints.swift in Sources */,
				38ECE1302488802E00928865 /* CalculatorCellContainer.swift in Sources */,
				388B0F73247E2B2A00297941 /* Fonts.swift in Sources */,
			);
			runOnlyForDeploymentPostprocessing = 0;
		};
/* End PBXSourcesBuildPhase section */

/* Begin PBXVariantGroup section */
		38DA23AB247CE6B70046239F /* Main.storyboard */ = {
			isa = PBXVariantGroup;
			children = (
				38DA23AC247CE6B70046239F /* Base */,
			);
			name = Main.storyboard;
			path = ..;
			sourceTree = "<group>";
		};
/* End PBXVariantGroup section */

/* Begin XCBuildConfiguration section */
		38DA23B4247CE6BB0046239F /* Debug */ = {
			isa = XCBuildConfiguration;
			buildSettings = {
				ALWAYS_SEARCH_USER_PATHS = NO;
				CLANG_ANALYZER_NONNULL = YES;
				CLANG_ANALYZER_NUMBER_OBJECT_CONVERSION = YES_AGGRESSIVE;
				CLANG_CXX_LANGUAGE_STANDARD = "gnu++14";
				CLANG_CXX_LIBRARY = "libc++";
				CLANG_ENABLE_MODULES = YES;
				CLANG_ENABLE_OBJC_ARC = YES;
				CLANG_ENABLE_OBJC_WEAK = YES;
				CLANG_WARN_BLOCK_CAPTURE_AUTORELEASING = YES;
				CLANG_WARN_BOOL_CONVERSION = YES;
				CLANG_WARN_COMMA = YES;
				CLANG_WARN_CONSTANT_CONVERSION = YES;
				CLANG_WARN_DEPRECATED_OBJC_IMPLEMENTATIONS = YES;
				CLANG_WARN_DIRECT_OBJC_ISA_USAGE = YES_ERROR;
				CLANG_WARN_DOCUMENTATION_COMMENTS = YES;
				CLANG_WARN_EMPTY_BODY = YES;
				CLANG_WARN_ENUM_CONVERSION = YES;
				CLANG_WARN_INFINITE_RECURSION = YES;
				CLANG_WARN_INT_CONVERSION = YES;
				CLANG_WARN_NON_LITERAL_NULL_CONVERSION = YES;
				CLANG_WARN_OBJC_IMPLICIT_RETAIN_SELF = YES;
				CLANG_WARN_OBJC_LITERAL_CONVERSION = YES;
				CLANG_WARN_OBJC_ROOT_CLASS = YES_ERROR;
				CLANG_WARN_RANGE_LOOP_ANALYSIS = YES;
				CLANG_WARN_STRICT_PROTOTYPES = YES;
				CLANG_WARN_SUSPICIOUS_MOVE = YES;
				CLANG_WARN_UNGUARDED_AVAILABILITY = YES_AGGRESSIVE;
				CLANG_WARN_UNREACHABLE_CODE = YES;
				CLANG_WARN__DUPLICATE_METHOD_MATCH = YES;
				COPY_PHASE_STRIP = NO;
				DEBUG_INFORMATION_FORMAT = dwarf;
				ENABLE_STRICT_OBJC_MSGSEND = YES;
				ENABLE_TESTABILITY = YES;
				GCC_C_LANGUAGE_STANDARD = gnu11;
				GCC_DYNAMIC_NO_PIC = NO;
				GCC_NO_COMMON_BLOCKS = YES;
				GCC_OPTIMIZATION_LEVEL = 0;
				GCC_PREPROCESSOR_DEFINITIONS = (
					"DEBUG=1",
					"$(inherited)",
				);
				GCC_WARN_64_TO_32_BIT_CONVERSION = YES;
				GCC_WARN_ABOUT_RETURN_TYPE = YES_ERROR;
				GCC_WARN_UNDECLARED_SELECTOR = YES;
				GCC_WARN_UNINITIALIZED_AUTOS = YES_AGGRESSIVE;
				GCC_WARN_UNUSED_FUNCTION = YES;
				GCC_WARN_UNUSED_VARIABLE = YES;
				IPHONEOS_DEPLOYMENT_TARGET = 13.2;
				MTL_ENABLE_DEBUG_INFO = INCLUDE_SOURCE;
				MTL_FAST_MATH = YES;
				ONLY_ACTIVE_ARCH = YES;
				SDKROOT = iphoneos;
				SWIFT_ACTIVE_COMPILATION_CONDITIONS = DEBUG;
				SWIFT_OPTIMIZATION_LEVEL = "-Onone";
			};
			name = Debug;
		};
		38DA23B5247CE6BB0046239F /* Release */ = {
			isa = XCBuildConfiguration;
			buildSettings = {
				ALWAYS_SEARCH_USER_PATHS = NO;
				CLANG_ANALYZER_NONNULL = YES;
				CLANG_ANALYZER_NUMBER_OBJECT_CONVERSION = YES_AGGRESSIVE;
				CLANG_CXX_LANGUAGE_STANDARD = "gnu++14";
				CLANG_CXX_LIBRARY = "libc++";
				CLANG_ENABLE_MODULES = YES;
				CLANG_ENABLE_OBJC_ARC = YES;
				CLANG_ENABLE_OBJC_WEAK = YES;
				CLANG_WARN_BLOCK_CAPTURE_AUTORELEASING = YES;
				CLANG_WARN_BOOL_CONVERSION = YES;
				CLANG_WARN_COMMA = YES;
				CLANG_WARN_CONSTANT_CONVERSION = YES;
				CLANG_WARN_DEPRECATED_OBJC_IMPLEMENTATIONS = YES;
				CLANG_WARN_DIRECT_OBJC_ISA_USAGE = YES_ERROR;
				CLANG_WARN_DOCUMENTATION_COMMENTS = YES;
				CLANG_WARN_EMPTY_BODY = YES;
				CLANG_WARN_ENUM_CONVERSION = YES;
				CLANG_WARN_INFINITE_RECURSION = YES;
				CLANG_WARN_INT_CONVERSION = YES;
				CLANG_WARN_NON_LITERAL_NULL_CONVERSION = YES;
				CLANG_WARN_OBJC_IMPLICIT_RETAIN_SELF = YES;
				CLANG_WARN_OBJC_LITERAL_CONVERSION = YES;
				CLANG_WARN_OBJC_ROOT_CLASS = YES_ERROR;
				CLANG_WARN_RANGE_LOOP_ANALYSIS = YES;
				CLANG_WARN_STRICT_PROTOTYPES = YES;
				CLANG_WARN_SUSPICIOUS_MOVE = YES;
				CLANG_WARN_UNGUARDED_AVAILABILITY = YES_AGGRESSIVE;
				CLANG_WARN_UNREACHABLE_CODE = YES;
				CLANG_WARN__DUPLICATE_METHOD_MATCH = YES;
				COPY_PHASE_STRIP = NO;
				DEBUG_INFORMATION_FORMAT = "dwarf-with-dsym";
				ENABLE_NS_ASSERTIONS = NO;
				ENABLE_STRICT_OBJC_MSGSEND = YES;
				GCC_C_LANGUAGE_STANDARD = gnu11;
				GCC_NO_COMMON_BLOCKS = YES;
				GCC_WARN_64_TO_32_BIT_CONVERSION = YES;
				GCC_WARN_ABOUT_RETURN_TYPE = YES_ERROR;
				GCC_WARN_UNDECLARED_SELECTOR = YES;
				GCC_WARN_UNINITIALIZED_AUTOS = YES_AGGRESSIVE;
				GCC_WARN_UNUSED_FUNCTION = YES;
				GCC_WARN_UNUSED_VARIABLE = YES;
				IPHONEOS_DEPLOYMENT_TARGET = 13.2;
				MTL_ENABLE_DEBUG_INFO = NO;
				MTL_FAST_MATH = YES;
				SDKROOT = iphoneos;
				SWIFT_COMPILATION_MODE = wholemodule;
				SWIFT_OPTIMIZATION_LEVEL = "-O";
				VALIDATE_PRODUCT = YES;
			};
			name = Release;
		};
		38DA23B7247CE6BB0046239F /* Debug */ = {
			isa = XCBuildConfiguration;
			buildSettings = {
				ASSETCATALOG_COMPILER_APPICON_NAME = AppIcon;
				CODE_SIGN_STYLE = Automatic;
				DEVELOPMENT_TEAM = 955MLY2U7C;
				INFOPLIST_FILE = iPhoneCalculatorRebuild/Info.plist;
				LD_RUNPATH_SEARCH_PATHS = (
					"$(inherited)",
					"@executable_path/Frameworks",
				);
				PRODUCT_BUNDLE_IDENTIFIER = alfredoDevelops.iPhoneCalculatorRebuild;
				PRODUCT_NAME = "$(TARGET_NAME)";
				SWIFT_VERSION = 5.0;
				TARGETED_DEVICE_FAMILY = "1,2";
			};
			name = Debug;
		};
		38DA23B8247CE6BB0046239F /* Release */ = {
			isa = XCBuildConfiguration;
			buildSettings = {
				ASSETCATALOG_COMPILER_APPICON_NAME = AppIcon;
				CODE_SIGN_STYLE = Automatic;
				DEVELOPMENT_TEAM = 955MLY2U7C;
				INFOPLIST_FILE = iPhoneCalculatorRebuild/Info.plist;
				LD_RUNPATH_SEARCH_PATHS = (
					"$(inherited)",
					"@executable_path/Frameworks",
				);
				PRODUCT_BUNDLE_IDENTIFIER = alfredoDevelops.iPhoneCalculatorRebuild;
				PRODUCT_NAME = "$(TARGET_NAME)";
				SWIFT_VERSION = 5.0;
				TARGETED_DEVICE_FAMILY = "1,2";
			};
			name = Release;
		};
/* End XCBuildConfiguration section */

/* Begin XCConfigurationList section */
		38DA239D247CE6B70046239F /* Build configuration list for PBXProject "iPhoneCalculatorRebuild" */ = {
			isa = XCConfigurationList;
			buildConfigurations = (
				38DA23B4247CE6BB0046239F /* Debug */,
				38DA23B5247CE6BB0046239F /* Release */,
			);
			defaultConfigurationIsVisible = 0;
			defaultConfigurationName = Release;
		};
		38DA23B6247CE6BB0046239F /* Build configuration list for PBXNativeTarget "iPhoneCalculatorRebuild" */ = {
			isa = XCConfigurationList;
			buildConfigurations = (
				38DA23B7247CE6BB0046239F /* Debug */,
				38DA23B8247CE6BB0046239F /* Release */,
			);
			defaultConfigurationIsVisible = 0;
			defaultConfigurationName = Release;
		};
/* End XCConfigurationList section */
	};
	rootObject = 38DA239A247CE6B70046239F /* Project object */;
}
